
Microsoft Visual Studio Solution File, Format Version 12.00
# Visual Studio Version 16
VisualStudioVersion = 16.0.31205.134
MinimumVisualStudioVersion = 10.0.40219.1
Project("{9A19103F-16F7-4668-BE54-9A1E7A4F7556}") = "UdemyWebApi", "UdemyWebApi\UdemyWebApi.csproj", "{3FFC51FA-676D-486A-B199-FF09134D8499}"
EndProject
Project("{FAE04EC0-301F-11D3-BF4B-00C04F79EFBC}") = "UI.Web", "UI.Web\UI.Web.csproj", "{97D6D9EA-2ACD-43B1-B7EA-E449A4352F76}"
EndProject
Global
	GlobalSection(SolutionConfigurationPlatforms) = preSolution
		Debug|Any CPU = Debug|Any CPU
		Release|Any CPU = Release|Any CPU
	EndGlobalSection
	GlobalSection(ProjectConfigurationPlatforms) = postSolution
		{3FFC51FA-676D-486A-B199-FF09134D8499}.Debug|Any CPU.ActiveCfg = Debug|Any CPU
		{3FFC51FA-676D-486A-B199-FF09134D8499}.Debug|Any CPU.Build.0 = Debug|Any CPU
		{3FFC51FA-676D-486A-B199-FF09134D8499}.Release|Any CPU.ActiveCfg = Release|Any CPU
		{3FFC51FA-676D-486A-B199-FF09134D8499}.Release|Any CPU.Build.0 = Release|Any CPU
		{97D6D9EA-2ACD-43B1-B7EA-E449A4352F76}.Debug|Any CPU.ActiveCfg = Debug|Any CPU
		{97D6D9EA-2ACD-43B1-B7EA-E449A4352F76}.Debug|Any CPU.Build.0 = Debug|Any CPU
		{97D6D9EA-2ACD-43B1-B7EA-E449A4352F76}.Release|Any CPU.ActiveCfg = Release|Any CPU
		{97D6D9EA-2ACD-43B1-B7EA-E449A4352F76}.Release|Any CPU.Build.0 = Release|Any CPU
	EndGlobalSection
	GlobalSection(SolutionProperties) = preSolution
		HideSolutionNode = FALSE
	EndGlobalSection
	GlobalSection(ExtensibilityGlobals) = postSolution
		SolutionGuid = {03709649-9A41-4F89-AB04-4192C1728C47}
	EndGlobalSection
EndGlobal
